# @generated by Move, please check-in and do not edit manually.

[move]
version = 2
manifest_digest = "BE37E2E2263B946584AB3A2D2AE8EC55566BD6F9810C7DE0A4592A7370B9E3F4"
deps_digest = "F8BBB0CCB2491CA29A3DF03D6F92277A4F3574266507ACD77214D37ECA3F3082"
dependencies = [
  { name = "Sui" },
]

[[move.package]]
name = "MoveStdlib"
source = { git = "https://github.com/MystenLabs/sui.git", rev = "framework/devnet", subdir = "crates/sui-framework/packages/move-stdlib" }

[[move.package]]
name = "Sui"
source = { git = "https://github.com/MystenLabs/sui.git", rev = "framework/devnet", subdir = "crates/sui-framework/packages/sui-framework" }

dependencies = [
  { name = "MoveStdlib" },
]

[move.toolchain-version]
compiler-version = "1.25.3"
edition = "2024.beta"
flavor = "sui"

[env]

[env.devnet]
chain-id = "49fe5305"
original-published-id = "0x6f1be2704e2dee7b7a08bd0594150f94c9f8e953b1986f1c16e58cc16f4e6275"
latest-published-id = "0x6f1be2704e2dee7b7a08bd0594150f94c9f8e953b1986f1c16e58cc16f4e6275"
published-version = "1"

[env.testnet]
chain-id = "4c78adac"
original-published-id = "0xfa44a831fc32fac485ae9c5027546a65fcca63a9373ab9baf4b44f55a188557d"
latest-published-id = "0xfa44a831fc32fac485ae9c5027546a65fcca63a9373ab9baf4b44f55a188557d"
published-version = "1"
