# @generated by Move, please check-in and do not edit manually.

[move]
version = 2
manifest_digest = "919902E4E3F69A47160896C805E173CFF9E501997AB183E5FE62E88D692490AF"
deps_digest = "F8BBB0CCB2491CA29A3DF03D6F92277A4F3574266507ACD77214D37ECA3F3082"
dependencies = [
  { name = "Sui" },
]

[[move.package]]
name = "MoveStdlib"
source = { git = "https://github.com/MystenLabs/sui.git", rev = "framework/devnet", subdir = "crates/sui-framework/packages/move-stdlib" }

[[move.package]]
name = "Sui"
source = { git = "https://github.com/MystenLabs/sui.git", rev = "framework/devnet", subdir = "crates/sui-framework/packages/sui-framework" }

dependencies = [
  { name = "MoveStdlib" },
]

[move.toolchain-version]
compiler-version = "1.25.3"
edition = "2024.beta"
flavor = "sui"

[env]

[env.devnet]
chain-id = "ddb98719"
original-published-id = "0x2079bc55b3ed2272fd670a0150da9a624183477e62d9ae89fe061f779dfea17a"
latest-published-id = "0x2079bc55b3ed2272fd670a0150da9a624183477e62d9ae89fe061f779dfea17a"
published-version = "1"
