# @generated by Move, please check-in and do not edit manually.

[move]
version = 2
manifest_digest = "919902E4E3F69A47160896C805E173CFF9E501997AB183E5FE62E88D692490AF"
deps_digest = "F8BBB0CCB2491CA29A3DF03D6F92277A4F3574266507ACD77214D37ECA3F3082"
dependencies = [
  { name = "Sui" },
]

[[move.package]]
name = "MoveStdlib"
source = { git = "https://github.com/MystenLabs/sui.git", rev = "framework/devnet", subdir = "crates/sui-framework/packages/move-stdlib" }

[[move.package]]
name = "Sui"
source = { git = "https://github.com/MystenLabs/sui.git", rev = "framework/devnet", subdir = "crates/sui-framework/packages/sui-framework" }

dependencies = [
  { name = "MoveStdlib" },
]

[move.toolchain-version]
compiler-version = "1.25.3"
edition = "2024.beta"
flavor = "sui"

[env]

[env.devnet]
chain-id = "49fe5305"
original-published-id = "0x6f1be2704e2dee7b7a08bd0594150f94c9f8e953b1986f1c16e58cc16f4e6275"
latest-published-id = "0x6f1be2704e2dee7b7a08bd0594150f94c9f8e953b1986f1c16e58cc16f4e6275"
published-version = "1"

[env.testnet]
chain-id = "4c78adac"
original-published-id = "0x204eebfbe4d73781479cd0d3e5d0306856c580d09409838a22f3f789e14ed361"
latest-published-id = "0x204eebfbe4d73781479cd0d3e5d0306856c580d09409838a22f3f789e14ed361"
published-version = "1"
