# @generated by Move, please check-in and do not edit manually.

[move]
version = 2
manifest_digest = "681D6AF02DB0883664F395D724B2EF80B5169A92C31B6B3E55234EB2D28CFCAB"
deps_digest = "F8BBB0CCB2491CA29A3DF03D6F92277A4F3574266507ACD77214D37ECA3F3082"
dependencies = [
  { name = "Sui" },
]

[[move.package]]
name = "MoveStdlib"
source = { git = "https://github.com/MystenLabs/sui.git", rev = "framework/testnet", subdir = "crates/sui-framework/packages/move-stdlib" }

[[move.package]]
name = "Sui"
source = { git = "https://github.com/MystenLabs/sui.git", rev = "framework/testnet", subdir = "crates/sui-framework/packages/sui-framework" }

dependencies = [
  { name = "MoveStdlib" },
]

[move.toolchain-version]
compiler-version = "1.25.3"
edition = "2024.beta"
flavor = "sui"

[env]

[env.devnet]
chain-id = "ddb98719"
original-published-id = "0x0e2d4c9259445db3c0de53b9be8d50ae746d075025757499f82d1ce0255cd4e4"
latest-published-id = "0x0e2d4c9259445db3c0de53b9be8d50ae746d075025757499f82d1ce0255cd4e4"
published-version = "1"
