# @generated by Move, please check-in and do not edit manually.

[move]
version = 2
manifest_digest = "759DA6D872195F0B63DC7BD6E7496A11BBB80AB75D8EF2E78BA09C4B99222496"
deps_digest = "F8BBB0CCB2491CA29A3DF03D6F92277A4F3574266507ACD77214D37ECA3F3082"
dependencies = [
  { name = "Sui" },
]

[[move.package]]
name = "MoveStdlib"
source = { git = "https://github.com/MystenLabs/sui.git", rev = "framework/testnet", subdir = "crates/sui-framework/packages/move-stdlib" }

[[move.package]]
name = "Sui"
source = { git = "https://github.com/MystenLabs/sui.git", rev = "framework/testnet", subdir = "crates/sui-framework/packages/sui-framework" }

dependencies = [
  { name = "MoveStdlib" },
]

[move.toolchain-version]
compiler-version = "1.25.3"
edition = "2024.beta"
flavor = "sui"

[env]

[env.devnet]
chain-id = "ddb98719"
original-published-id = "0x4f43efd4163f2bd37347ed737ae88315ce5dc3256e4f1c545af022e5f6c873dd"
latest-published-id = "0x4f43efd4163f2bd37347ed737ae88315ce5dc3256e4f1c545af022e5f6c873dd"
published-version = "1"
